
Microsoft Visual Studio Solution File, Format Version 12.00
# Visual Studio 15
VisualStudioVersion = 15.0.28307.136
MinimumVisualStudioVersion = 10.0.40219.1
Project("{9A19103F-16F7-4668-BE54-9A1E7A4F7556}") = "Data.Contracts", "Data.Contracts\Data.Contracts.csproj", "{B9932173-1029-46A5-B657-1A9E1C7D1683}"
EndProject
Project("{9A19103F-16F7-4668-BE54-9A1E7A4F7556}") = "Data.Implementation", "Data.Implementation\Data.Implementation.csproj", "{A5B4500F-F28B-422C-99A5-B38CC50F4D7A}"
EndProject
Project("{9A19103F-16F7-4668-BE54-9A1E7A4F7556}") = "Domain.Implementation", "Domain.Implementation\Domain.Implementation.csproj", "{3CA98E29-8879-47B5-BB0E-3B738A8D351B}"
EndProject
Project("{9A19103F-16F7-4668-BE54-9A1E7A4F7556}") = "Infrastructure", "Infrastructure\Infrastructure.csproj", "{91147BE7-1780-45ED-A467-6F236A2BA0C0}"
EndProject
Project("{9A19103F-16F7-4668-BE54-9A1E7A4F7556}") = "WebBlazor", "WebBlazor\WebBlazor.csproj", "{8A808494-0FE8-4220-9684-B6B2ED828BA3}"
EndProject
Project("{9A19103F-16F7-4668-BE54-9A1E7A4F7556}") = "WebApi", "WebApi\WebApi.csproj", "{791CEB49-4E64-40BB-A611-B706FF274DEC}"
EndProject
Project("{9A19103F-16F7-4668-BE54-9A1E7A4F7556}") = "Domain.Contracts", "Domain.Contracts\Domain.Contracts.csproj", "{FE91E8A9-A7B1-4351-AE8F-BC65CDC7D3A7}"
EndProject
Global
	GlobalSection(SolutionConfigurationPlatforms) = preSolution
		Debug|Any CPU = Debug|Any CPU
		Release|Any CPU = Release|Any CPU
	EndGlobalSection
	GlobalSection(ProjectConfigurationPlatforms) = postSolution
		{B9932173-1029-46A5-B657-1A9E1C7D1683}.Debug|Any CPU.ActiveCfg = Debug|Any CPU
		{B9932173-1029-46A5-B657-1A9E1C7D1683}.Debug|Any CPU.Build.0 = Debug|Any CPU
		{B9932173-1029-46A5-B657-1A9E1C7D1683}.Release|Any CPU.ActiveCfg = Release|Any CPU
		{B9932173-1029-46A5-B657-1A9E1C7D1683}.Release|Any CPU.Build.0 = Release|Any CPU
		{A5B4500F-F28B-422C-99A5-B38CC50F4D7A}.Debug|Any CPU.ActiveCfg = Debug|Any CPU
		{A5B4500F-F28B-422C-99A5-B38CC50F4D7A}.Debug|Any CPU.Build.0 = Debug|Any CPU
		{A5B4500F-F28B-422C-99A5-B38CC50F4D7A}.Release|Any CPU.ActiveCfg = Release|Any CPU
		{A5B4500F-F28B-422C-99A5-B38CC50F4D7A}.Release|Any CPU.Build.0 = Release|Any CPU
		{3CA98E29-8879-47B5-BB0E-3B738A8D351B}.Debug|Any CPU.ActiveCfg = Debug|Any CPU
		{3CA98E29-8879-47B5-BB0E-3B738A8D351B}.Debug|Any CPU.Build.0 = Debug|Any CPU
		{3CA98E29-8879-47B5-BB0E-3B738A8D351B}.Release|Any CPU.ActiveCfg = Release|Any CPU
		{3CA98E29-8879-47B5-BB0E-3B738A8D351B}.Release|Any CPU.Build.0 = Release|Any CPU
		{91147BE7-1780-45ED-A467-6F236A2BA0C0}.Debug|Any CPU.ActiveCfg = Debug|Any CPU
		{91147BE7-1780-45ED-A467-6F236A2BA0C0}.Debug|Any CPU.Build.0 = Debug|Any CPU
		{91147BE7-1780-45ED-A467-6F236A2BA0C0}.Release|Any CPU.ActiveCfg = Release|Any CPU
		{91147BE7-1780-45ED-A467-6F236A2BA0C0}.Release|Any CPU.Build.0 = Release|Any CPU
		{8A808494-0FE8-4220-9684-B6B2ED828BA3}.Debug|Any CPU.ActiveCfg = Debug|Any CPU
		{8A808494-0FE8-4220-9684-B6B2ED828BA3}.Debug|Any CPU.Build.0 = Debug|Any CPU
		{8A808494-0FE8-4220-9684-B6B2ED828BA3}.Release|Any CPU.ActiveCfg = Release|Any CPU
		{8A808494-0FE8-4220-9684-B6B2ED828BA3}.Release|Any CPU.Build.0 = Release|Any CPU
		{791CEB49-4E64-40BB-A611-B706FF274DEC}.Debug|Any CPU.ActiveCfg = Debug|Any CPU
		{791CEB49-4E64-40BB-A611-B706FF274DEC}.Debug|Any CPU.Build.0 = Debug|Any CPU
		{791CEB49-4E64-40BB-A611-B706FF274DEC}.Release|Any CPU.ActiveCfg = Release|Any CPU
		{791CEB49-4E64-40BB-A611-B706FF274DEC}.Release|Any CPU.Build.0 = Release|Any CPU
		{FE91E8A9-A7B1-4351-AE8F-BC65CDC7D3A7}.Debug|Any CPU.ActiveCfg = Debug|Any CPU
		{FE91E8A9-A7B1-4351-AE8F-BC65CDC7D3A7}.Debug|Any CPU.Build.0 = Debug|Any CPU
		{FE91E8A9-A7B1-4351-AE8F-BC65CDC7D3A7}.Release|Any CPU.ActiveCfg = Release|Any CPU
		{FE91E8A9-A7B1-4351-AE8F-BC65CDC7D3A7}.Release|Any CPU.Build.0 = Release|Any CPU
	EndGlobalSection
	GlobalSection(SolutionProperties) = preSolution
		HideSolutionNode = FALSE
	EndGlobalSection
	GlobalSection(ExtensibilityGlobals) = postSolution
		SolutionGuid = {F5896899-E261-4CAE-BB2B-4256414314A7}
	EndGlobalSection
EndGlobal
